
Microsoft Visual Studio Solution File, Format Version 12.00
# Visual Studio Version 16
VisualStudioVersion = 16.0.29911.84
MinimumVisualStudioVersion = 10.0.40219.1
Project("{8BC9CEB8-8B4A-11D0-8D11-00A0C91BC942}") = "起泡排序", "起泡排序\起泡排序.vcxproj", "{F0B7E4B1-8084-483D-9D61-66A05E66D22D}"
EndProject
Global
	GlobalSection(SolutionConfigurationPlatforms) = preSolution
		Debug|x64 = Debug|x64
		Debug|x86 = Debug|x86
		Release|x64 = Release|x64
		Release|x86 = Release|x86
	EndGlobalSection
	GlobalSection(ProjectConfigurationPlatforms) = postSolution
		{F0B7E4B1-8084-483D-9D61-66A05E66D22D}.Debug|x64.ActiveCfg = Debug|x64
		{F0B7E4B1-8084-483D-9D61-66A05E66D22D}.Debug|x64.Build.0 = Debug|x64
		{F0B7E4B1-8084-483D-9D61-66A05E66D22D}.Debug|x86.ActiveCfg = Debug|Win32
		{F0B7E4B1-8084-483D-9D61-66A05E66D22D}.Debug|x86.Build.0 = Debug|Win32
		{F0B7E4B1-8084-483D-9D61-66A05E66D22D}.Release|x64.ActiveCfg = Release|x64
		{F0B7E4B1-8084-483D-9D61-66A05E66D22D}.Release|x64.Build.0 = Release|x64
		{F0B7E4B1-8084-483D-9D61-66A05E66D22D}.Release|x86.ActiveCfg = Release|Win32
		{F0B7E4B1-8084-483D-9D61-66A05E66D22D}.Release|x86.Build.0 = Release|Win32
	EndGlobalSection
	GlobalSection(SolutionProperties) = preSolution
		HideSolutionNode = FALSE
	EndGlobalSection
	GlobalSection(ExtensibilityGlobals) = postSolution
		SolutionGuid = {E184331D-6C29-424E-961A-DC49A879D3AD}
	EndGlobalSection
EndGlobal
